
Microsoft Visual Studio Solution File, Format Version 12.00
# Visual Studio 15
VisualStudioVersion = 15.0.28010.2026
MinimumVisualStudioVersion = 10.0.40219.1
Project("{FAE04EC0-301F-11D3-BF4B-00C04F79EFBC}") = "HeadFirstDesignPattern", "HeadFirstDesignPattern\HeadFirstDesignPattern.csproj", "{B535C51F-8C85-4C88-BDBA-0C237803B824}"
EndProject
Global
	GlobalSection(SolutionConfigurationPlatforms) = preSolution
		Debug|Any CPU = Debug|Any CPU
		Release|Any CPU = Release|Any CPU
	EndGlobalSection
	GlobalSection(ProjectConfigurationPlatforms) = postSolution
		{B535C51F-8C85-4C88-BDBA-0C237803B824}.Debug|Any CPU.ActiveCfg = Debug|Any CPU
		{B535C51F-8C85-4C88-BDBA-0C237803B824}.Debug|Any CPU.Build.0 = Debug|Any CPU
		{B535C51F-8C85-4C88-BDBA-0C237803B824}.Release|Any CPU.ActiveCfg = Release|Any CPU
		{B535C51F-8C85-4C88-BDBA-0C237803B824}.Release|Any CPU.Build.0 = Release|Any CPU
	EndGlobalSection
	GlobalSection(SolutionProperties) = preSolution
		HideSolutionNode = FALSE
	EndGlobalSection
	GlobalSection(ExtensibilityGlobals) = postSolution
		SolutionGuid = {A5FE1AA3-A621-4DBE-A739-9D8B0BC7D791}
	EndGlobalSection
EndGlobal
